// !$*UTF8*$!
{
	archiveVersion = 1;
	classes = {
	};
	objectVersion = 50;
	objects = {

/* Begin PBXBuildFile section */
		0D197CB92171AEA80018BBF8 /* RecordScannerViewController.swift in Sources */ = {isa = PBXBuildFile; fileRef = 0D197CB82171AEA80018BBF8 /* RecordScannerViewController.swift */; };
		0D197CBD2171C5B10018BBF8 /* undraw_children_4rtb.svg in Resources */ = {isa = PBXBuildFile; fileRef = 0D197CBC2171C5B10018BBF8 /* undraw_children_4rtb.svg */; };
		0D197CBF2171D6760018BBF8 /* VaccinesTableViewController.swift in Sources */ = {isa = PBXBuildFile; fileRef = 0D197CBE2171D6760018BBF8 /* VaccinesTableViewController.swift */; };
		0D4D52AC2172C8E8005F8032 /* TextRecognitionViewController.swift in Sources */ = {isa = PBXBuildFile; fileRef = 0D4D52AB2172C8E8005F8032 /* TextRecognitionViewController.swift */; };
		0D4D52AE21730C20005F8032 /* LanguageSelectionViewController.swift in Sources */ = {isa = PBXBuildFile; fileRef = 0D4D52AD21730C20005F8032 /* LanguageSelectionViewController.swift */; };
		0D64FA8221719DEC0060D97F /* AppDelegate.swift in Sources */ = {isa = PBXBuildFile; fileRef = 0D64FA8121719DEC0060D97F /* AppDelegate.swift */; };
		0D64FA8421719DEC0060D97F /* ViewController.swift in Sources */ = {isa = PBXBuildFile; fileRef = 0D64FA8321719DEC0060D97F /* ViewController.swift */; };
		0D64FA8721719DEC0060D97F /* Main.storyboard in Resources */ = {isa = PBXBuildFile; fileRef = 0D64FA8521719DEC0060D97F /* Main.storyboard */; };
		0D64FA8921719DED0060D97F /* Assets.xcassets in Resources */ = {isa = PBXBuildFile; fileRef = 0D64FA8821719DED0060D97F /* Assets.xcassets */; };
		0D64FA8C21719DED0060D97F /* LaunchScreen.storyboard in Resources */ = {isa = PBXBuildFile; fileRef = 0D64FA8A21719DED0060D97F /* LaunchScreen.storyboard */; };
		30153FBB4B7656BCA65C887E /* Pods_GlobalHealth.framework in Frameworks */ = {isa = PBXBuildFile; fileRef = C70CDF39ABEF6D8522505F3A /* Pods_GlobalHealth.framework */; };
/* End PBXBuildFile section */

/* Begin PBXFileReference section */
		0D197CB82171AEA80018BBF8 /* RecordScannerViewController.swift */ = {isa = PBXFileReference; lastKnownFileType = sourcecode.swift; path = RecordScannerViewController.swift; sourceTree = "<group>"; };
		0D197CBC2171C5B10018BBF8 /* undraw_children_4rtb.svg */ = {isa = PBXFileReference; fileEncoding = 4; lastKnownFileType = text; path = undraw_children_4rtb.svg; sourceTree = "<group>"; };
		0D197CBE2171D6760018BBF8 /* VaccinesTableViewController.swift */ = {isa = PBXFileReference; lastKnownFileType = sourcecode.swift; path = VaccinesTableViewController.swift; sourceTree = "<group>"; };
		0D4D52AB2172C8E8005F8032 /* TextRecognitionViewController.swift */ = {isa = PBXFileReference; lastKnownFileType = sourcecode.swift; path = TextRecognitionViewController.swift; sourceTree = "<group>"; };
		0D4D52AD21730C20005F8032 /* LanguageSelectionViewController.swift */ = {isa = PBXFileReference; lastKnownFileType = sourcecode.swift; path = LanguageSelectionViewController.swift; sourceTree = "<group>"; };
		0D64FA7E21719DEC0060D97F /* GlobalHealth.app */ = {isa = PBXFileReference; explicitFileType = wrapper.application; includeInIndex = 0; path = GlobalHealth.app; sourceTree = BUILT_PRODUCTS_DIR; };
		0D64FA8121719DEC0060D97F /* AppDelegate.swift */ = {isa = PBXFileReference; lastKnownFileType = sourcecode.swift; path = AppDelegate.swift; sourceTree = "<group>"; };
		0D64FA8321719DEC0060D97F /* ViewController.swift */ = {isa = PBXFileReference; lastKnownFileType = sourcecode.swift; path = ViewController.swift; sourceTree = "<group>"; };
		0D64FA8621719DEC0060D97F /* Base */ = {isa = PBXFileReference; lastKnownFileType = file.storyboard; name = Base; path = Base.lproj/Main.storyboard; sourceTree = "<group>"; };
		0D64FA8821719DED0060D97F /* Assets.xcassets */ = {isa = PBXFileReference; lastKnownFileType = folder.assetcatalog; path = Assets.xcassets; sourceTree = "<group>"; };
		0D64FA8B21719DED0060D97F /* Base */ = {isa = PBXFileReference; lastKnownFileType = file.storyboard; name = Base; path = Base.lproj/LaunchScreen.storyboard; sourceTree = "<group>"; };
		0D64FA8D21719DED0060D97F /* Info.plist */ = {isa = PBXFileReference; lastKnownFileType = text.plist.xml; path = Info.plist; sourceTree = "<group>"; };
		573880FEF4FA4F0B878F185F /* Pods-GlobalHealth.debug.xcconfig */ = {isa = PBXFileReference; includeInIndex = 1; lastKnownFileType = text.xcconfig; name = "Pods-GlobalHealth.debug.xcconfig"; path = "Pods/Target Support Files/Pods-GlobalHealth/Pods-GlobalHealth.debug.xcconfig"; sourceTree = "<group>"; };
		B6CC04544799FC64AA164A47 /* Pods-GlobalHealth.release.xcconfig */ = {isa = PBXFileReference; includeInIndex = 1; lastKnownFileType = text.xcconfig; name = "Pods-GlobalHealth.release.xcconfig"; path = "Pods/Target Support Files/Pods-GlobalHealth/Pods-GlobalHealth.release.xcconfig"; sourceTree = "<group>"; };
		C70CDF39ABEF6D8522505F3A /* Pods_GlobalHealth.framework */ = {isa = PBXFileReference; explicitFileType = wrapper.framework; includeInIndex = 0; path = Pods_GlobalHealth.framework; sourceTree = BUILT_PRODUCTS_DIR; };
/* End PBXFileReference section */

/* Begin PBXFrameworksBuildPhase section */
		0D64FA7B21719DEC0060D97F /* Frameworks */ = {
			isa = PBXFrameworksBuildPhase;
			buildActionMask = 2147483647;
			files = (
				30153FBB4B7656BCA65C887E /* Pods_GlobalHealth.framework in Frameworks */,
			);
			runOnlyForDeploymentPostprocessing = 0;
		};
/* End PBXFrameworksBuildPhase section */

/* Begin PBXGroup section */
		0D64FA7521719DEC0060D97F = {
			isa = PBXGroup;
			children = (
				0D64FA8021719DEC0060D97F /* GlobalHealth */,
				0D64FA7F21719DEC0060D97F /* Products */,
				9B60B97DCD347BBE8408CB8E /* Pods */,
				A31FB9802E3EB91B4CC76D3A /* Frameworks */,
			);
			sourceTree = "<group>";
		};
		0D64FA7F21719DEC0060D97F /* Products */ = {
			isa = PBXGroup;
			children = (
				0D64FA7E21719DEC0060D97F /* GlobalHealth.app */,
			);
			name = Products;
			sourceTree = "<group>";
		};
		0D64FA8021719DEC0060D97F /* GlobalHealth */ = {
			isa = PBXGroup;
			children = (
				0D64FA8121719DEC0060D97F /* AppDelegate.swift */,
				0D64FA8321719DEC0060D97F /* ViewController.swift */,
				0D64FA8521719DEC0060D97F /* Main.storyboard */,
				0D64FA8821719DED0060D97F /* Assets.xcassets */,
				0D197CBC2171C5B10018BBF8 /* undraw_children_4rtb.svg */,
				0D64FA8A21719DED0060D97F /* LaunchScreen.storyboard */,
				0D64FA8D21719DED0060D97F /* Info.plist */,
				0D197CB82171AEA80018BBF8 /* RecordScannerViewController.swift */,
				0D197CBE2171D6760018BBF8 /* VaccinesTableViewController.swift */,
				0D4D52AB2172C8E8005F8032 /* TextRecognitionViewController.swift */,
				0D4D52AD21730C20005F8032 /* LanguageSelectionViewController.swift */,
			);
			path = GlobalHealth;
			sourceTree = "<group>";
		};
		9B60B97DCD347BBE8408CB8E /* Pods */ = {
			isa = PBXGroup;
			children = (
				573880FEF4FA4F0B878F185F /* Pods-GlobalHealth.debug.xcconfig */,
				B6CC04544799FC64AA164A47 /* Pods-GlobalHealth.release.xcconfig */,
			);
			name = Pods;
			sourceTree = "<group>";
		};
		A31FB9802E3EB91B4CC76D3A /* Frameworks */ = {
			isa = PBXGroup;
			children = (
				C70CDF39ABEF6D8522505F3A /* Pods_GlobalHealth.framework */,
			);
			name = Frameworks;
			sourceTree = "<group>";
		};
/* End PBXGroup section */

/* Begin PBXNativeTarget section */
		0D64FA7D21719DEC0060D97F /* GlobalHealth */ = {
			isa = PBXNativeTarget;
			buildConfigurationList = 0D64FA9021719DED0060D97F /* Build configuration list for PBXNativeTarget "GlobalHealth" */;
			buildPhases = (
				519482B115B2B693B1D0A2AD /* [CP] Check Pods Manifest.lock */,
				0D64FA7A21719DEC0060D97F /* Sources */,
				0D64FA7B21719DEC0060D97F /* Frameworks */,
				0D64FA7C21719DEC0060D97F /* Resources */,
				C4A491FDE62BDCA46B845083 /* [CP] Embed Pods Frameworks */,
			);
			buildRules = (
			);
			dependencies = (
			);
			name = GlobalHealth;
			productName = GlobalHealth;
			productReference = 0D64FA7E21719DEC0060D97F /* GlobalHealth.app */;
			productType = "com.apple.product-type.application";
		};
/* End PBXNativeTarget section */

/* Begin PBXProject section */
		0D64FA7621719DEC0060D97F /* Project object */ = {
			isa = PBXProject;
			attributes = {
				LastSwiftUpdateCheck = 1000;
				LastUpgradeCheck = 1000;
				ORGANIZATIONNAME = "Drew Patel";
				TargetAttributes = {
					0D64FA7D21719DEC0060D97F = {
						CreatedOnToolsVersion = 10.0;
					};
				};
			};
			buildConfigurationList = 0D64FA7921719DEC0060D97F /* Build configuration list for PBXProject "GlobalHealth" */;
			compatibilityVersion = "Xcode 9.3";
			developmentRegion = en;
			hasScannedForEncodings = 0;
			knownRegions = (
				en,
				Base,
			);
			mainGroup = 0D64FA7521719DEC0060D97F;
			productRefGroup = 0D64FA7F21719DEC0060D97F /* Products */;
			projectDirPath = "";
			projectRoot = "";
			targets = (
				0D64FA7D21719DEC0060D97F /* GlobalHealth */,
			);
		};
/* End PBXProject section */

/* Begin PBXResourcesBuildPhase section */
		0D64FA7C21719DEC0060D97F /* Resources */ = {
			isa = PBXResourcesBuildPhase;
			buildActionMask = 2147483647;
			files = (
				0D64FA8C21719DED0060D97F /* LaunchScreen.storyboard in Resources */,
				0D64FA8921719DED0060D97F /* Assets.xcassets in Resources */,
				0D197CBD2171C5B10018BBF8 /* undraw_children_4rtb.svg in Resources */,
				0D64FA8721719DEC0060D97F /* Main.storyboard in Resources */,
			);
			runOnlyForDeploymentPostprocessing = 0;
		};
/* End PBXResourcesBuildPhase section */

/* Begin PBXShellScriptBuildPhase section */
		519482B115B2B693B1D0A2AD /* [CP] Check Pods Manifest.lock */ = {
			isa = PBXShellScriptBuildPhase;
			buildActionMask = 2147483647;
			files = (
			);
			inputPaths = (
				"${PODS_PODFILE_DIR_PATH}/Podfile.lock",
				"${PODS_ROOT}/Manifest.lock",
			);
			name = "[CP] Check Pods Manifest.lock";
			outputPaths = (
				"$(DERIVED_FILE_DIR)/Pods-GlobalHealth-checkManifestLockResult.txt",
			);
			runOnlyForDeploymentPostprocessing = 0;
			shellPath = /bin/sh;
			shellScript = "diff \"${PODS_PODFILE_DIR_PATH}/Podfile.lock\" \"${PODS_ROOT}/Manifest.lock\" > /dev/null\nif [ $? != 0 ] ; then\n    # print error to STDERR\n    echo \"error: The sandbox is not in sync with the Podfile.lock. Run 'pod install' or update your CocoaPods installation.\" >&2\n    exit 1\nfi\n# This output is used by Xcode 'outputs' to avoid re-running this script phase.\necho \"SUCCESS\" > \"${SCRIPT_OUTPUT_FILE_0}\"\n";
			showEnvVarsInLog = 0;
		};
		C4A491FDE62BDCA46B845083 /* [CP] Embed Pods Frameworks */ = {
			isa = PBXShellScriptBuildPhase;
			buildActionMask = 2147483647;
			files = (
			);
			inputPaths = (
				"${SRCROOT}/Pods/Target Support Files/Pods-GlobalHealth/Pods-GlobalHealth-frameworks.sh",
				"${BUILT_PRODUCTS_DIR}/AZDialogView/AZDialogView.framework",
				"${BUILT_PRODUCTS_DIR}/Alamofire/Alamofire.framework",
				"${BUILT_PRODUCTS_DIR}/FoldingCell/FoldingCell.framework",
				"${BUILT_PRODUCTS_DIR}/ROGoogleTranslate/ROGoogleTranslate.framework",
				"${BUILT_PRODUCTS_DIR}/Socket.IO-Client-Swift/SocketIO.framework",
				"${BUILT_PRODUCTS_DIR}/Starscream/Starscream.framework",
				"${BUILT_PRODUCTS_DIR}/SwiftyButton/SwiftyButton.framework",
				"${BUILT_PRODUCTS_DIR}/SwiftyJSON/SwiftyJSON.framework",
			);
			name = "[CP] Embed Pods Frameworks";
			outputPaths = (
				"${TARGET_BUILD_DIR}/${FRAMEWORKS_FOLDER_PATH}/AZDialogView.framework",
				"${TARGET_BUILD_DIR}/${FRAMEWORKS_FOLDER_PATH}/Alamofire.framework",
				"${TARGET_BUILD_DIR}/${FRAMEWORKS_FOLDER_PATH}/FoldingCell.framework",
				"${TARGET_BUILD_DIR}/${FRAMEWORKS_FOLDER_PATH}/ROGoogleTranslate.framework",
				"${TARGET_BUILD_DIR}/${FRAMEWORKS_FOLDER_PATH}/SocketIO.framework",
				"${TARGET_BUILD_DIR}/${FRAMEWORKS_FOLDER_PATH}/Starscream.framework",
				"${TARGET_BUILD_DIR}/${FRAMEWORKS_FOLDER_PATH}/SwiftyButton.framework",
				"${TARGET_BUILD_DIR}/${FRAMEWORKS_FOLDER_PATH}/SwiftyJSON.framework",
			);
			runOnlyForDeploymentPostprocessing = 0;
			shellPath = /bin/sh;
			shellScript = "\"${SRCROOT}/Pods/Target Support Files/Pods-GlobalHealth/Pods-GlobalHealth-frameworks.sh\"\n";
			showEnvVarsInLog = 0;
		};
/* End PBXShellScriptBuildPhase section */

/* Begin PBXSourcesBuildPhase section */
		0D64FA7A21719DEC0060D97F /* Sources */ = {
			isa = PBXSourcesBuildPhase;
			buildActionMask = 2147483647;
			files = (
				0D197CB92171AEA80018BBF8 /* RecordScannerViewController.swift in Sources */,
				0D64FA8421719DEC0060D97F /* ViewController.swift in Sources */,
				0D197CBF2171D6760018BBF8 /* VaccinesTableViewController.swift in Sources */,
				0D4D52AC2172C8E8005F8032 /* TextRecognitionViewController.swift in Sources */,
				0D64FA8221719DEC0060D97F /* AppDelegate.swift in Sources */,
				0D4D52AE21730C20005F8032 /* LanguageSelectionViewController.swift in Sources */,
			);
			runOnlyForDeploymentPostprocessing = 0;
		};
/* End PBXSourcesBuildPhase section */

/* Begin PBXVariantGroup section */
		0D64FA8521719DEC0060D97F /* Main.storyboard */ = {
			isa = PBXVariantGroup;
			children = (
				0D64FA8621719DEC0060D97F /* Base */,
			);
			name = Main.storyboard;
			sourceTree = "<group>";
		};
		0D64FA8A21719DED0060D97F /* LaunchScreen.storyboard */ = {
			isa = PBXVariantGroup;
			children = (
				0D64FA8B21719DED0060D97F /* Base */,
			);
			name = LaunchScreen.storyboard;
			sourceTree = "<group>";
		};
/* End PBXVariantGroup section */

/* Begin XCBuildConfiguration section */
		0D64FA8E21719DED0060D97F /* Debug */ = {
			isa = XCBuildConfiguration;
			buildSettings = {
				ALWAYS_SEARCH_USER_PATHS = NO;
				CLANG_ANALYZER_NONNULL = YES;
				CLANG_ANALYZER_NUMBER_OBJECT_CONVERSION = YES_AGGRESSIVE;
				CLANG_CXX_LANGUAGE_STANDARD = "gnu++14";
				CLANG_CXX_LIBRARY = "libc++";
				CLANG_ENABLE_MODULES = YES;
				CLANG_ENABLE_OBJC_ARC = YES;
				CLANG_ENABLE_OBJC_WEAK = YES;
				CLANG_WARN_BLOCK_CAPTURE_AUTORELEASING = YES;
				CLANG_WARN_BOOL_CONVERSION = YES;
				CLANG_WARN_COMMA = YES;
				CLANG_WARN_CONSTANT_CONVERSION = YES;
				CLANG_WARN_DEPRECATED_OBJC_IMPLEMENTATIONS = YES;
				CLANG_WARN_DIRECT_OBJC_ISA_USAGE = YES_ERROR;
				CLANG_WARN_DOCUMENTATION_COMMENTS = YES;
				CLANG_WARN_EMPTY_BODY = YES;
				CLANG_WARN_ENUM_CONVERSION = YES;
				CLANG_WARN_INFINITE_RECURSION = YES;
				CLANG_WARN_INT_CONVERSION = YES;
				CLANG_WARN_NON_LITERAL_NULL_CONVERSION = YES;
				CLANG_WARN_OBJC_IMPLICIT_RETAIN_SELF = YES;
				CLANG_WARN_OBJC_LITERAL_CONVERSION = YES;
				CLANG_WARN_OBJC_ROOT_CLASS = YES_ERROR;
				CLANG_WARN_RANGE_LOOP_ANALYSIS = YES;
				CLANG_WARN_STRICT_PROTOTYPES = YES;
				CLANG_WARN_SUSPICIOUS_MOVE = YES;
				CLANG_WARN_UNGUARDED_AVAILABILITY = YES_AGGRESSIVE;
				CLANG_WARN_UNREACHABLE_CODE = YES;
				CLANG_WARN__DUPLICATE_METHOD_MATCH = YES;
				CODE_SIGN_IDENTITY = "iPhone Developer";
				COPY_PHASE_STRIP = NO;
				DEBUG_INFORMATION_FORMAT = dwarf;
				ENABLE_STRICT_OBJC_MSGSEND = YES;
				ENABLE_TESTABILITY = YES;
				GCC_C_LANGUAGE_STANDARD = gnu11;
				GCC_DYNAMIC_NO_PIC = NO;
				GCC_NO_COMMON_BLOCKS = YES;
				GCC_OPTIMIZATION_LEVEL = 0;
				GCC_PREPROCESSOR_DEFINITIONS = (
					"DEBUG=1",
					"$(inherited)",
				);
				GCC_WARN_64_TO_32_BIT_CONVERSION = YES;
				GCC_WARN_ABOUT_RETURN_TYPE = YES_ERROR;
				GCC_WARN_UNDECLARED_SELECTOR = YES;
				GCC_WARN_UNINITIALIZED_AUTOS = YES_AGGRESSIVE;
				GCC_WARN_UNUSED_FUNCTION = YES;
				GCC_WARN_UNUSED_VARIABLE = YES;
				IPHONEOS_DEPLOYMENT_TARGET = 12.0;
				MTL_ENABLE_DEBUG_INFO = INCLUDE_SOURCE;
				MTL_FAST_MATH = YES;
				ONLY_ACTIVE_ARCH = YES;
				SDKROOT = iphoneos;
				SWIFT_ACTIVE_COMPILATION_CONDITIONS = DEBUG;
				SWIFT_OPTIMIZATION_LEVEL = "-Onone";
			};
			name = Debug;
		};
		0D64FA8F21719DED0060D97F /* Release */ = {
			isa = XCBuildConfiguration;
			buildSettings = {
				ALWAYS_SEARCH_USER_PATHS = NO;
				CLANG_ANALYZER_NONNULL = YES;
				CLANG_ANALYZER_NUMBER_OBJECT_CONVERSION = YES_AGGRESSIVE;
				CLANG_CXX_LANGUAGE_STANDARD = "gnu++14";
				CLANG_CXX_LIBRARY = "libc++";
				CLANG_ENABLE_MODULES = YES;
				CLANG_ENABLE_OBJC_ARC = YES;
				CLANG_ENABLE_OBJC_WEAK = YES;
				CLANG_WARN_BLOCK_CAPTURE_AUTORELEASING = YES;
				CLANG_WARN_BOOL_CONVERSION = YES;
				CLANG_WARN_COMMA = YES;
				CLANG_WARN_CONSTANT_CONVERSION = YES;
				CLANG_WARN_DEPRECATED_OBJC_IMPLEMENTATIONS = YES;
				CLANG_WARN_DIRECT_OBJC_ISA_USAGE = YES_ERROR;
				CLANG_WARN_DOCUMENTATION_COMMENTS = YES;
				CLANG_WARN_EMPTY_BODY = YES;
				CLANG_WARN_ENUM_CONVERSION = YES;
				CLANG_WARN_INFINITE_RECURSION = YES;
				CLANG_WARN_INT_CONVERSION = YES;
				CLANG_WARN_NON_LITERAL_NULL_CONVERSION = YES;
				CLANG_WARN_OBJC_IMPLICIT_RETAIN_SELF = YES;
				CLANG_WARN_OBJC_LITERAL_CONVERSION = YES;
				CLANG_WARN_OBJC_ROOT_CLASS = YES_ERROR;
				CLANG_WARN_RANGE_LOOP_ANALYSIS = YES;
				CLANG_WARN_STRICT_PROTOTYPES = YES;
				CLANG_WARN_SUSPICIOUS_MOVE = YES;
				CLANG_WARN_UNGUARDED_AVAILABILITY = YES_AGGRESSIVE;
				CLANG_WARN_UNREACHABLE_CODE = YES;
				CLANG_WARN__DUPLICATE_METHOD_MATCH = YES;
				CODE_SIGN_IDENTITY = "iPhone Developer";
				COPY_PHASE_STRIP = NO;
				DEBUG_INFORMATION_FORMAT = "dwarf-with-dsym";
				ENABLE_NS_ASSERTIONS = NO;
				ENABLE_STRICT_OBJC_MSGSEND = YES;
				GCC_C_LANGUAGE_STANDARD = gnu11;
				GCC_NO_COMMON_BLOCKS = YES;
				GCC_WARN_64_TO_32_BIT_CONVERSION = YES;
				GCC_WARN_ABOUT_RETURN_TYPE = YES_ERROR;
				GCC_WARN_UNDECLARED_SELECTOR = YES;
				GCC_WARN_UNINITIALIZED_AUTOS = YES_AGGRESSIVE;
				GCC_WARN_UNUSED_FUNCTION = YES;
				GCC_WARN_UNUSED_VARIABLE = YES;
				IPHONEOS_DEPLOYMENT_TARGET = 12.0;
				MTL_ENABLE_DEBUG_INFO = NO;
				MTL_FAST_MATH = YES;
				SDKROOT = iphoneos;
				SWIFT_COMPILATION_MODE = wholemodule;
				SWIFT_OPTIMIZATION_LEVEL = "-O";
				VALIDATE_PRODUCT = YES;
			};
			name = Release;
		};
		0D64FA9121719DED0060D97F /* Debug */ = {
			isa = XCBuildConfiguration;
			baseConfigurationReference = 573880FEF4FA4F0B878F185F /* Pods-GlobalHealth.debug.xcconfig */;
			buildSettings = {
				ASSETCATALOG_COMPILER_APPICON_NAME = AppIcon;
				CODE_SIGN_STYLE = Automatic;
				DEVELOPMENT_TEAM = 5WHUAKUFHC;
				INFOPLIST_FILE = GlobalHealth/Info.plist;
				LD_RUNPATH_SEARCH_PATHS = (
					"$(inherited)",
					"@executable_path/Frameworks",
				);
				PRODUCT_BUNDLE_IDENTIFIER = com.drewpatel.GlobalHealth;
				PRODUCT_NAME = "$(TARGET_NAME)";
				SWIFT_VERSION = 4.2;
				TARGETED_DEVICE_FAMILY = "1,2";
			};
			name = Debug;
		};
		0D64FA9221719DED0060D97F /* Release */ = {
			isa = XCBuildConfiguration;
			baseConfigurationReference = B6CC04544799FC64AA164A47 /* Pods-GlobalHealth.release.xcconfig */;
			buildSettings = {
				ASSETCATALOG_COMPILER_APPICON_NAME = AppIcon;
				CODE_SIGN_STYLE = Automatic;
				DEVELOPMENT_TEAM = 5WHUAKUFHC;
				INFOPLIST_FILE = GlobalHealth/Info.plist;
				LD_RUNPATH_SEARCH_PATHS = (
					"$(inherited)",
					"@executable_path/Frameworks",
				);
				PRODUCT_BUNDLE_IDENTIFIER = com.drewpatel.GlobalHealth;
				PRODUCT_NAME = "$(TARGET_NAME)";
				SWIFT_VERSION = 4.2;
				TARGETED_DEVICE_FAMILY = "1,2";
			};
			name = Release;
		};
/* End XCBuildConfiguration section */

/* Begin XCConfigurationList section */
		0D64FA7921719DEC0060D97F /* Build configuration list for PBXProject "GlobalHealth" */ = {
			isa = XCConfigurationList;
			buildConfigurations = (
				0D64FA8E21719DED0060D97F /* Debug */,
				0D64FA8F21719DED0060D97F /* Release */,
			);
			defaultConfigurationIsVisible = 0;
			defaultConfigurationName = Release;
		};
		0D64FA9021719DED0060D97F /* Build configuration list for PBXNativeTarget "GlobalHealth" */ = {
			isa = XCConfigurationList;
			buildConfigurations = (
				0D64FA9121719DED0060D97F /* Debug */,
				0D64FA9221719DED0060D97F /* Release */,
			);
			defaultConfigurationIsVisible = 0;
			defaultConfigurationName = Release;
		};
/* End XCConfigurationList section */
	};
	rootObject = 0D64FA7621719DEC0060D97F /* Project object */;
}
